
Microsoft Visual Studio Solution File, Format Version 12.00
# Visual Studio Version 17
VisualStudioVersion = 17.1.32421.90
MinimumVisualStudioVersion = 10.0.40219.1
Project("{FAE04EC0-301F-11D3-BF4B-00C04F79EFBC}") = "Nep_PR1", "Nep_PR1.csproj", "{2A213C8D-AC4F-401B-92A1-AB38F46A957E}"
EndProject
Global
	GlobalSection(SolutionConfigurationPlatforms) = preSolution
		Debug|Any CPU = Debug|Any CPU
		Release|Any CPU = Release|Any CPU
	EndGlobalSection
	GlobalSection(ProjectConfigurationPlatforms) = postSolution
		{2A213C8D-AC4F-401B-92A1-AB38F46A957E}.Debug|Any CPU.ActiveCfg = Debug|Any CPU
		{2A213C8D-AC4F-401B-92A1-AB38F46A957E}.Debug|Any CPU.Build.0 = Debug|Any CPU
		{2A213C8D-AC4F-401B-92A1-AB38F46A957E}.Release|Any CPU.ActiveCfg = Release|Any CPU
		{2A213C8D-AC4F-401B-92A1-AB38F46A957E}.Release|Any CPU.Build.0 = Release|Any CPU
	EndGlobalSection
	GlobalSection(SolutionProperties) = preSolution
		HideSolutionNode = FALSE
	EndGlobalSection
	GlobalSection(ExtensibilityGlobals) = postSolution
		SolutionGuid = {6DCD1C41-2A20-4EA8-8914-820BDB8EA3EB}
	EndGlobalSection
EndGlobal
